
Microsoft Visual Studio Solution File, Format Version 12.00
# Visual Studio 2013
VisualStudioVersion = 12.0.40629.0
MinimumVisualStudioVersion = 10.0.40219.1
Project("{FAE04EC0-301F-11D3-BF4B-00C04F79EFBC}") = "Counter", "Counter\Counter.csproj", "{9C00CCC0-F1CA-46DE-957E-FB2B1E2A597F}"
EndProject
Project("{FAE04EC0-301F-11D3-BF4B-00C04F79EFBC}") = "Core", "Core\Core.csproj", "{87083E4C-5DBC-4E2C-BBF6-B49FB504D520}"
EndProject
Global
	GlobalSection(SolutionConfigurationPlatforms) = preSolution
		Debug|Any CPU = Debug|Any CPU
		Release|Any CPU = Release|Any CPU
	EndGlobalSection
	GlobalSection(ProjectConfigurationPlatforms) = postSolution
		{9C00CCC0-F1CA-46DE-957E-FB2B1E2A597F}.Debug|Any CPU.ActiveCfg = Debug|Any CPU
		{9C00CCC0-F1CA-46DE-957E-FB2B1E2A597F}.Debug|Any CPU.Build.0 = Debug|Any CPU
		{9C00CCC0-F1CA-46DE-957E-FB2B1E2A597F}.Release|Any CPU.ActiveCfg = Release|Any CPU
		{9C00CCC0-F1CA-46DE-957E-FB2B1E2A597F}.Release|Any CPU.Build.0 = Release|Any CPU
		{87083E4C-5DBC-4E2C-BBF6-B49FB504D520}.Debug|Any CPU.ActiveCfg = Debug|Any CPU
		{87083E4C-5DBC-4E2C-BBF6-B49FB504D520}.Debug|Any CPU.Build.0 = Debug|Any CPU
		{87083E4C-5DBC-4E2C-BBF6-B49FB504D520}.Release|Any CPU.ActiveCfg = Release|Any CPU
		{87083E4C-5DBC-4E2C-BBF6-B49FB504D520}.Release|Any CPU.Build.0 = Release|Any CPU
	EndGlobalSection
	GlobalSection(SolutionProperties) = preSolution
		HideSolutionNode = FALSE
	EndGlobalSection
EndGlobal
